lockfileVersion: '9.0'

settings:
  autoInstallPeers: true
  excludeLinksFromLockfile: false

importers:

  .:
    devDependencies:
      '@fontsource-variable/space-grotesk':
        specifier: ^5.3.0
        version: 5.3.0
      '@fontsource/space-mono':
        specifier: ^5.3.0
        version: 5.3.0
      prettier:
        specifier: ^3.9.6
        version: 3.9.6
      sass:
        specifier: ^1.77.0
        version: 1.104.1
      vite:
        specifier: ^5.4.0
        version: 5.4.21(sass@1.104.1)

packages:

  '@esbuild/aix-ppc64@0.21.5':
    resolution: {integrity: sha512-1SDgH6ZSPTlggy1yI6+Dbkiz8xzpHJEVAlF/AM1tHPLsf5STom9rwtjE4hKAF20FfXXNTFqEYXyJNWh1GiZedQ==}
    engines: {node: '>=12'}
    cpu: [ppc64]
    os: [aix]

  '@esbuild/android-arm64@0.21.5':
    resolution: {integrity: sha512-c0uX9VAUBQ7dTDCjq+wdyGLowMdtR/GoC2U5IYk/7D1H1JYC0qseD7+11iMP2mRLN9RcCMRcjC4YMclCzGwS/A==}
    engines: {node: '>=12'}
    cpu: [arm64]
    os: [android]

  '@esbuild/android-arm@0.21.5':
    resolution: {integrity: sha512-vCPvzSjpPHEi1siZdlvAlsPxXl7WbOVUBBAowWug4rJHb68Ox8KualB+1ocNvT5fjv6wpkX6o/iEpbDrf68zcg==}
    engines: {node: '>=12'}
    cpu: [arm]
    os: [android]

  '@esbuild/android-x64@0.21.5':
    resolution: {integrity: sha512-D7aPRUUNHRBwHxzxRvp856rjUHRFW1SdQATKXH2hqA0kAZb1hKmi02OpYRacl0TxIGz/ZmXWlbZgjwWYaCakTA==}
    engines: {node: '>=12'}
    cpu: [x64]
    os: [android]

  '@esbuild/darwin-arm64@0.21.5':
    resolution: {integrity: sha512-DwqXqZyuk5AiWWf3UfLiRDJ5EDd49zg6O9wclZ7kUMv2WRFr4HKjXp/5t8JZ11QbQfUS6/cRCKGwYhtNAY88kQ==}
    engines: {node: '>=12'}
    cpu: [arm64]
    os: [darwin]

  '@esbuild/darwin-x64@0.21.5':
    resolution: {integrity: sha512-se/JjF8NlmKVG4kNIuyWMV/22ZaerB+qaSi5MdrXtd6R08kvs2qCN4C09miupktDitvh8jRFflwGFBQcxZRjbw==}
    engines: {node: '>=12'}
    cpu: [x64]
    os: [darwin]

  '@esbuild/freebsd-arm64@0.21.5':
    resolution: {integrity: sha512-5JcRxxRDUJLX8JXp/wcBCy3pENnCgBR9bN6JsY4OmhfUtIHe3ZW0mawA7+RDAcMLrMIZaf03NlQiX9DGyB8h4g==}
    engines: {node: '>=12'}
    cpu: [arm64]
    os: [freebsd]

  '@esbuild/freebsd-x64@0.21.5':
    resolution: {integrity: sha512-J95kNBj1zkbMXtHVH29bBriQygMXqoVQOQYA+ISs0/2l3T9/kj42ow2mpqerRBxDJnmkUDCaQT/dfNXWX/ZZCQ==}
    engines: {node: '>=12'}
    cpu: [x64]
    os: [freebsd]

  '@esbuild/linux-arm64@0.21.5':
    resolution: {integrity: sha512-ibKvmyYzKsBeX8d8I7MH/TMfWDXBF3db4qM6sy+7re0YXya+K1cem3on9XgdT2EQGMu4hQyZhan7TeQ8XkGp4Q==}
    engines: {node: '>=12'}
    cpu: [arm64]
    os: [linux]

  '@esbuild/linux-arm@0.21.5':
    resolution: {integrity: sha512-bPb5AHZtbeNGjCKVZ9UGqGwo8EUu4cLq68E95A53KlxAPRmUyYv2D6F0uUI65XisGOL1hBP5mTronbgo+0bFcA==}
    engines: {node: '>=12'}
    cpu: [arm]
    os: [linux]

  '@esbuild/linux-ia32@0.21.5':
    resolution: {integrity: sha512-YvjXDqLRqPDl2dvRODYmmhz4rPeVKYvppfGYKSNGdyZkA01046pLWyRKKI3ax8fbJoK5QbxblURkwK/MWY18Tg==}
    engines: {node: '>=12'}
    cpu: [ia32]
    os: [linux]

  '@esbuild/linux-loong64@0.21.5':
    resolution: {integrity: sha512-uHf1BmMG8qEvzdrzAqg2SIG/02+4/DHB6a9Kbya0XDvwDEKCoC8ZRWI5JJvNdUjtciBGFQ5PuBlpEOXQj+JQSg==}
    engines: {node: '>=12'}
    cpu: [loong64]
    os: [linux]

  '@esbuild/linux-mips64el@0.21.5':
    resolution: {integrity: sha512-IajOmO+KJK23bj52dFSNCMsz1QP1DqM6cwLUv3W1QwyxkyIWecfafnI555fvSGqEKwjMXVLokcV5ygHW5b3Jbg==}
    engines: {node: '>=12'}
    cpu: [mips64el]
    os: [linux]

  '@esbuild/linux-ppc64@0.21.5':
    resolution: {integrity: sha512-1hHV/Z4OEfMwpLO8rp7CvlhBDnjsC3CttJXIhBi+5Aj5r+MBvy4egg7wCbe//hSsT+RvDAG7s81tAvpL2XAE4w==}
    engines: {node: '>=12'}
    cpu: [ppc64]
    os: [linux]

  '@esbuild/linux-riscv64@0.21.5':
    resolution: {integrity: sha512-2HdXDMd9GMgTGrPWnJzP2ALSokE/0O5HhTUvWIbD3YdjME8JwvSCnNGBnTThKGEB91OZhzrJ4qIIxk/SBmyDDA==}
    engines: {node: '>=12'}
    cpu: [riscv64]
    os: [linux]

  '@esbuild/linux-s390x@0.21.5':
    resolution: {integrity: sha512-zus5sxzqBJD3eXxwvjN1yQkRepANgxE9lgOW2qLnmr8ikMTphkjgXu1HR01K4FJg8h1kEEDAqDcZQtbrRnB41A==}
    engines: {node: '>=12'}
    cpu: [s390x]
    os: [linux]

  '@esbuild/linux-x64@0.21.5':
    resolution: {integrity: sha512-1rYdTpyv03iycF1+BhzrzQJCdOuAOtaqHTWJZCWvijKD2N5Xu0TtVC8/+1faWqcP9iBCWOmjmhoH94dH82BxPQ==}
    engines: {node: '>=12'}
    cpu: [x64]
    os: [linux]

  '@esbuild/netbsd-x64@0.21.5':
    resolution: {integrity: sha512-Woi2MXzXjMULccIwMnLciyZH4nCIMpWQAs049KEeMvOcNADVxo0UBIQPfSmxB3CWKedngg7sWZdLvLczpe0tLg==}
    engines: {node: '>=12'}
    cpu: [x64]
    os: [netbsd]

  '@esbuild/openbsd-x64@0.21.5':
    resolution: {integrity: sha512-HLNNw99xsvx12lFBUwoT8EVCsSvRNDVxNpjZ7bPn947b8gJPzeHWyNVhFsaerc0n3TsbOINvRP2byTZ5LKezow==}
    engines: {node: '>=12'}
    cpu: [x64]
    os: [openbsd]

  '@esbuild/sunos-x64@0.21.5':
    resolution: {integrity: sha512-6+gjmFpfy0BHU5Tpptkuh8+uw3mnrvgs+dSPQXQOv3ekbordwnzTVEb4qnIvQcYXq6gzkyTnoZ9dZG+D4garKg==}
    engines: {node: '>=12'}
    cpu: [x64]
    os: [sunos]

  '@esbuild/win32-arm64@0.21.5':
    resolution: {integrity: sha512-Z0gOTd75VvXqyq7nsl93zwahcTROgqvuAcYDUr+vOv8uHhNSKROyU961kgtCD1e95IqPKSQKH7tBTslnS3tA8A==}
    engines: {node: '>=12'}
    cpu: [arm64]
    os: [win32]

  '@esbuild/win32-ia32@0.21.5':
    resolution: {integrity: sha512-SWXFF1CL2RVNMaVs+BBClwtfZSvDgtL//G/smwAc5oVK/UPu2Gu9tIaRgFmYFFKrmg3SyAjSrElf0TiJ1v8fYA==}
    engines: {node: '>=12'}
    cpu: [ia32]
    os: [win32]

  '@esbuild/win32-x64@0.21.5':
    resolution: {integrity: sha512-tQd/1efJuzPC6rCFwEvLtci/xNFcTZknmXs98FYDfGE4wP9ClFV98nyKrzJKVPMhdDnjzLhdUyMX4PsQAPjwIw==}
    engines: {node: '>=12'}
    cpu: [x64]
    os: [win32]

  '@fontsource-variable/space-grotesk@5.3.0':
    resolution: {integrity: sha512-2IxmvfB08i9vnGB3Ym/AXvhRE+8XOjWMXIyDum03c+tPwH0FUoMNQfGpU8NXPxjbws0Vvss3AH0Zqt4oJBBAdw==}

  '@fontsource/space-mono@5.3.0':
    resolution: {integrity: sha512-FrpBMOVWn3PRdRHlrZWC55X3kZG/2BTH7SM5ZyS/bky3iKya2BturI5lk+t0RoDQL2JyHzURsVq/EisCsxpI5A==}

  '@napi-rs/lzma-linux-x64-gnu@1.5.1':
    resolution: {integrity: sha512-oTXEIha4SsuXdTA4Iyskj0kpdx2yVXdhd75c2v3xGrHFfVMsbhTPZU/nMPL4sWKo4pBHm3aucLaqGlF696dTyQ==}
    engines: {node: ^22.20 || ^24.12 || >=25}
    cpu: [x64]
    os: [linux]
    libc: [glibc]

  '@parcel/watcher-android-arm64@2.6.0':
    resolution: {integrity: sha512-trgpLSCKRC/huFjXX/Smh+0sWe4+YtKfktIToiMl59ghz7z+qkH6kMvNnUbLyRs9N11t8l4svSCs1+5B3rOAhA==}
    engines: {node: '>= 10.0.0'}
    cpu: [arm64]
    os: [android]

  '@parcel/watcher-darwin-arm64@2.6.0':
    resolution: {integrity: sha512-Y3QV0gl7Q1zbfueunkWIERICbEojQFCgpyG7YqOGNFLsckXyI1xu9mAIUpKY9QBYzBtSkN8dBPwd3yiAO9ovMw==}
    engines: {node: '>= 10.0.0'}
    cpu: [arm64]
    os: [darwin]

  '@parcel/watcher-darwin-x64@2.6.0':
    resolution: {integrity: sha512-Ohv6OpzhUfKYD7Beb8kDvG0jbIxORCYY1JRdZnaBtnjjkJxgD7ZVL0nw2sCYd0yTMKTvz3nnTnOF3cDifK+kvw==}
    engines: {node: '>= 10.0.0'}
    cpu: [x64]
    os: [darwin]

  '@parcel/watcher-freebsd-x64@2.6.0':
    resolution: {integrity: sha512-5HmXvDgs8VK+74jF9y9/2FE3/OnlcKmc56tjmSrEuZjpSZOGL+fvAu+HKJBdPs9uwoP2hE6TlSUpXZ/C5jUFmQ==}
    engines: {node: '>= 10.0.0'}
    cpu: [x64]
    os: [freebsd]

  '@parcel/watcher-linux-arm-glibc@2.6.0':
    resolution: {integrity: sha512-Ps/hui3A+vMbjdqlqAowK2ZL8+BO8dBjxeWXj6npTBs3jx4wWmbPpaLuqwrQrSqIVMCnpWo238bJ1U37GhQOYg==}
    engines: {node: '>= 10.0.0'}
    cpu: [arm]
    os: [linux]
    libc: [glibc]

  '@parcel/watcher-linux-arm-musl@2.6.0':
    resolution: {integrity: sha512-9c6AUHgHoG+IY88MRIHupztQiQnrbqHYQjkM2btA+Bf/wQnQMuiD0Wfk1EVv3TlNT3x41uU71rn6E4xh/+zvkw==}
    engines: {node: '>= 10.0.0'}
    cpu: [arm]
    os: [linux]
    libc: [musl]

  '@parcel/watcher-linux-arm64-glibc@2.6.0':
    resolution: {integrity: sha512-yHRqS2owEXe6Hic9z6Mh1ECsCd+ODVOGvZDyciqRd21+v+o+DnXMOrw50DSpIG2sb8GPEaPPmfeCAWKPJdq46g==}
    engines: {node: '>= 10.0.0'}
    cpu: [arm64]
    os: [linux]
    libc: [glibc]

  '@parcel/watcher-linux-arm64-musl@2.6.0':
    resolution: {integrity: sha512-WhB2e/V7rqdHHWZusBSPuy5Ei8S6lSz6FE5TKKQz5h3a0O+C+mhY7vxU9b/stqvMb8beLnPY82ZrFTLKs+SrKA==}
    engines: {node: '>= 10.0.0'}
    cpu: [arm64]
    os: [linux]
    libc: [musl]

  '@parcel/watcher-linux-x64-glibc@2.6.0':
    resolution: {integrity: sha512-ulGE6x6Oz6iAwg75T8YQSoguBWasniIbX+QWpaYPcCnDOpdWX3k+4xbEYPZVLxOuoJI+svJJPD3sEj8G7lrQ3A==}
    engines: {node: '>= 10.0.0'}
    cpu: [x64]
    os: [linux]
    libc: [glibc]

  '@parcel/watcher-linux-x64-musl@2.6.0':
    resolution: {integrity: sha512-tkBYKt7YQrjIJWYDnto2YgO8MRkjlMTSNoRHzsXinBqbLdeOM3L32wPZJvIZxqaLMfSlS/4sUjH/6STVP/XDLw==}
    engines: {node: '>= 10.0.0'}
    cpu: [x64]
    os: [linux]
    libc: [musl]

  '@parcel/watcher-win32-arm64@2.6.0':
    resolution: {integrity: sha512-gIZAP23jaHjGWasY/TY6yL7NHFClf0Ga7FN+iINvk+KN94rhm94lYZhFsbYFNcA04/onvGD9kKmiJLJB2HbNwQ==}
    engines: {node: '>= 10.0.0'}
    cpu: [arm64]
    os: [win32]

  '@parcel/watcher-win32-x64@2.6.0':
    resolution: {integrity: sha512-cA+/pXV2YkfxlIcXOQ5fSWqAzzPyD78/x5qbK/I0vUkrlYHA8TIz+MXjAbGouguKVSI4bOmkTSJ1/poVSsgt+A==}
    engines: {node: '>= 10.0.0'}
    cpu: [x64]
    os: [win32]

  '@parcel/watcher@2.6.0':
    resolution: {integrity: sha512-7FNeNl8NCE7aINx7WXiKQrPYZWC/hvrTsmk6zmxbI7LTXE7hVek/n8AfVgpe2y82zl3w0HvCHN0bVKMBoJcC0w==}
    engines: {node: '>= 10.0.0'}

  '@rollup/rollup-android-arm-eabi@4.63.2':
    resolution: {integrity: sha512-Xa6RDoWa+hNiX6PgsljlH6W75RaONx3y6PVlbLhkEWW+GaPQ3dP5gwbL/erAzQHWwkvW5UxdD5l87Qx2FAQ/4A==}
    cpu: [arm]
    os: [android]

  '@rollup/rollup-android-arm64@4.63.2':
    resolution: {integrity: sha512-vNASxsghMfQ5s+v3PrpnJd+ryL/26lxCCaGI+sDJ7VzmHiYXIrrVltsDhaawxLM1WcoMU2oYlbPHLaYQtBzhcg==}
    cpu: [arm64]
    os: [android]

  '@rollup/rollup-darwin-arm64@4.63.2':
    resolution: {integrity: sha512-0dWDjmlrpZAgjPD/aPzUDhBW8APLRjAni5bOrM76wiiZm+E+KTMVKNhAzaTBohz8UyO2fKNAl0+fygbe2HZXOA==}
    cpu: [arm64]
    os: [darwin]

  '@rollup/rollup-darwin-x64@4.63.2':
    resolution: {integrity: sha512-N58uktcwzk3+qT4KHEuNdIxX1N01RWrkfVoml69EAbSaNDL+sbNVLx2RMl4Qd23lpA0fgPvyh5hHb4weD5WKmg==}
    cpu: [x64]
    os: [darwin]

  '@rollup/rollup-freebsd-arm64@4.63.2':
    resolution: {integrity: sha512-HWF2zH8EAp2scWRpt2PGe6iUGz7zi04waXsdRr3zb4DWCk2ImIo5FZu0jjmD53nP/DGSvnW0e7/1ToCNZs2lZw==}
    cpu: [arm64]
    os: [freebsd]

  '@rollup/rollup-freebsd-x64@4.63.2':
    resolution: {integrity: sha512-MkvcwHMnzPSMOQEwB6wHnLzmc+hT8BGc5bW/Mhmjjgx3wbj6VBnlc47XsK74kD0K9MikFfXpQqyz4NUXaUW62A==}
    cpu: [x64]
    os: [freebsd]

  '@rollup/rollup-linux-arm-gnueabihf@4.63.2':
    resolution: {integrity: sha512-xe1bCKPJaKsD0tfd7Rb6bGfUogJTpKbTEEthsfdb7hTfTRNJVQTdirabQx0o6ERVba/smkM720soMY+0QnrlSQ==}
    cpu: [arm]
    os: [linux]
    libc: [glibc]

  '@rollup/rollup-linux-arm-musleabihf@4.63.2':
    resolution: {integrity: sha512-yOM7LdK0p6gk6+Q773OEwtlsikT1TL3yMmYsTtRlDRPha5vV2DC5x7LqRWDr6f3cSYNMKVqxzffXv8ivxNBIFQ==}
    cpu: [arm]
    os: [linux]
    libc: [musl]

  '@rollup/rollup-linux-arm64-gnu@4.63.2':
    resolution: {integrity: sha512-qiWuJJV3DybA2IfzvRimeKXGrGuVPv1zobSY/26KnP3HbV0VcNb3ECzgvtbvF3xjSMkcooou6HASXZuLdjnhpQ==}
    cpu: [arm64]
    os: [linux]
    libc: [glibc]

  '@rollup/rollup-linux-arm64-musl@4.63.2':
    resolution: {integrity: sha512-akcZquRzCY/KpUoZAMBhGf7oi4LmXq1BzRA5CPAC3rkUf28Y/sAYV3jSL+JKd7cwEyFvR5G0XVZ0gaMedP+60A==}
    cpu: [arm64]
    os: [linux]
    libc: [musl]

  '@rollup/rollup-linux-loong64-gnu@4.63.2':
    resolution: {integrity: sha512-fNwYHrPyYyxauPzX/cpYw8Z7LQpp+DGA0KCoswA0aVFBpmdMil9XgjB8V3Ny64Ihu797+GKcuJqnsOKEmor7fA==}
    cpu: [loong64]
    os: [linux]
    libc: [glibc]

  '@rollup/rollup-linux-loong64-musl@4.63.2':
    resolution: {integrity: sha512-XfvsgzR7DZqREdst7K1Mj3ilSUM5xLAHJcIMDFPKdxTs9q5VHOT8aMA+a683fqBu7DQl8+Sd9HCsQYL8EMY9qA==}
    cpu: [loong64]
    os: [linux]
    libc: [musl]

  '@rollup/rollup-linux-ppc64-gnu@4.63.2':
    resolution: {integrity: sha512-Pp7gVZggEFlbcuztay+/U0gVG9S1XAh8i7I1Re/htbAzo43P5wHZHw6pTyzotISqlKohoh9RpIfnOz3RbemK1w==}
    cpu: [ppc64]
    os: [linux]
    libc: [glibc]

  '@rollup/rollup-linux-ppc64-musl@4.63.2':
    resolution: {integrity: sha512-zkgL2xff6i7u5hau/m6FGeS8gRkLEdgLw522WGmdWWlLd9btmNl3S80mcEjtGq+kvgUekQ3+BOYLLLcPlS2LIA==}
    cpu: [ppc64]
    os: [linux]
    libc: [musl]

  '@rollup/rollup-linux-riscv64-gnu@4.63.2':
    resolution: {integrity: sha512-qOheJomrkVCbbHFJ7L3J97cnhfogKqguAQphv26+3ZsAQIF1L19b+dArl//s8rjJHJLz9byykyM8NBP4nmSa1g==}
    cpu: [riscv64]
    os: [linux]
    libc: [glibc]

  '@rollup/rollup-linux-riscv64-musl@4.63.2':
    resolution: {integrity: sha512-XlxLD54wQhH3FciCgMofxBw27NzUe818gJH410qWvc41UT0ZFcgxVjyX5/EK8MPTupjeVWqN5oy+9pCA9mqfCA==}
    cpu: [riscv64]
    os: [linux]
    libc: [musl]

  '@rollup/rollup-linux-s390x-gnu@4.63.2':
    resolution: {integrity: sha512-vdryWeRb2bLJZf0Fv/W8se6nvsHe2PkTCxV0meheK3nQE+G90VCJcke51Miy1yQRsfm2uqIyjXOu4wmUzbTtkQ==}
    cpu: [s390x]
    os: [linux]
    libc: [glibc]

  '@rollup/rollup-linux-x64-gnu@4.63.2':
    resolution: {integrity: sha512-bcq2h2pkKmH2po4cZV8VWzO4lL40STyu/nLoFpYMQp9C2tCVNTdcVv86MwSsn3D5s1FBe2Ty1atqvVAUTMimNg==}
    cpu: [x64]
    os: [linux]
    libc: [glibc]

  '@rollup/rollup-linux-x64-musl@4.63.2':
    resolution: {integrity: sha512-EGoo5DMVMRkTId8fuTDaoxVlR5ZTsKULUezRjd9gCw5eeY+DjCvDpZAOlNUvKPGX+7rS1RWx6j+yOpNPx0cUgQ==}
    cpu: [x64]
    os: [linux]
    libc: [musl]

  '@rollup/rollup-openbsd-x64@4.63.2':
    resolution: {integrity: sha512-MErl12k7BFHZG1TI9QF/3lSSZARzq9KgNy/FjnqFMCkv+N4RSSzoUCA5h2mqHX4Mox3WaTVKblyzhQ1zRb2ZuQ==}
    cpu: [x64]
    os: [openbsd]

  '@rollup/rollup-openharmony-arm64@4.63.2':
    resolution: {integrity: sha512-ILs8k07Wh4p0PsNY4wYLEaXZKMOpVhrG5QDB0yHhGhuzOfDlnyHN6sflL4El/MpUP1y8uY2lUZrv4oBS6pTT3g==}
    cpu: [arm64]
    os: [openharmony]

  '@rollup/rollup-win32-arm64-msvc@4.63.2':
    resolution: {integrity: sha512-hKgB3nz/TKD3Wv78XEsyXzQsNjvhOHmwKQTvXADGOyU/cIClZDO7DsoggbdmJDPGp5V80tA3Vfv61PaKTLH3LA==}
    cpu: [arm64]
    os: [win32]

  '@rollup/rollup-win32-ia32-msvc@4.63.2':
    resolution: {integrity: sha512-T4wf1mudIDxN8Q/CWIBJC1u5gQUc+r5mPvlwoSbIvNkyVTP2TAFeobEmst5AQ4gMyAz4sSByVdoTDfvTmGK/8g==}
    cpu: [ia32]
    os: [win32]

  '@rollup/rollup-win32-x64-gnu@4.63.2':
    resolution: {integrity: sha512-tC3IY7qoaD9Ll3/8WJQn49j5V2f/NuI9S41NOE2iM5MPs3sPIvOkVToLcz/7Bz4pyF7PSvrtwu8I/pUrGOSecQ==}
    cpu: [x64]
    os: [win32]

  '@rollup/rollup-win32-x64-msvc@4.63.2':
    resolution: {integrity: sha512-6NHnk/K3eq2ZFYcU1X8g67s9qIJRCOTT92gwLMVBp08dB2uuuwI1/Q/empzL2Bfr2f2WRLJVwpp90RmacQyFkw==}
    cpu: [x64]
    os: [win32]

  '@types/estree@1.0.9':
    resolution: {integrity: sha512-GhdPgy1el4/ImP05X05Uw4cw2/M93BCUmnEvWZNStlCzEKME4Fkk+YpoA5OiHNQmoS7Cafb8Xa3Pya8m1Qrzeg==}

  chokidar@5.0.0:
    resolution: {integrity: sha512-TQMmc3w+5AxjpL8iIiwebF73dRDF4fBIieAqGn9RGCWaEVwQ6Fb2cGe31Yns0RRIzii5goJ1Y7xbMwo1TxMplw==}
    engines: {node: '>= 20.19.0'}

  detect-libc@2.1.2:
    resolution: {integrity: sha512-Btj2BOOO83o3WyH59e8MgXsxEQVcarkUOpEYrubB0urwnN10yQ364rsiByU11nZlqWYZm05i/of7io4mzihBtQ==}
    engines: {node: '>=8'}

  esbuild@0.21.5:
    resolution: {integrity: sha512-mg3OPMV4hXywwpoDxu3Qda5xCKQi+vCTZq8S9J/EpkhB2HzKXq4SNFZE3+NK93JYxc8VMSep+lOUSC/RVKaBqw==}
    engines: {node: '>=12'}
    hasBin: true

  fsevents@2.3.3:
    resolution: {integrity: sha512-5xoDfX+fL7faATnagmWPpbFtwh/R77WmMMqqHGS65C3vvB0YHrgF+B1YmZ3441tMj5n63k0212XNoJwzlhffQw==}
    engines: {node: ^8.16.0 || ^10.6.0 || >=11.0.0}
    os: [darwin]

  immutable@5.1.9:
    resolution: {integrity: sha512-m8nVez3rwrgmWxtLMt1ZYXB2Lv7OKYn/disyxAlSDYAlKSlFoPPfIAmAM/M5xqL4m4C/wAPw7S2/CNaUii1Hxg==}

  is-extglob@2.1.1:
    resolution: {integrity: sha512-SbKbANkN603Vi4jEZv49LeVJMn4yGwsbzZworEoyEiutsN3nJYdbO36zfhGJ6QEDpOZIFkDtnq5JRxmvl3jsoQ==}
    engines: {node: '>=0.10.0'}

  is-glob@4.0.3:
    resolution: {integrity: sha512-xelSayHH36ZgE7ZWhli7pW34hNbNl8Ojv5KVmkJD4hBdD3th8Tfk9vYasLM+mXWOZhFkgZfxhLSnrwRr4elSSg==}
    engines: {node: '>=0.10.0'}

  nanoid@3.3.19:
    resolution: {integrity: sha512-Y2tUNy4ouw6tq5oDSKeQYGOyhkUBhNOcGV/02KC+6kd9eDGqdZd++mjMiIDilrBYvjEnCYvVtsuHCuP+okSfug==}
    engines: {node: ^10 || ^12 || ^13.7 || ^14 || >=15.0.1}
    hasBin: true

  node-addon-api@7.1.1:
    resolution: {integrity: sha512-5m3bsyrjFWE1xf7nz7YXdN4udnVtXK6/Yfgn5qnahL6bCkf2yKt4k3nuTKAtT4r3IG8JNR2ncsIMdZuAzJjHQQ==}

  picocolors@1.1.1:
    resolution: {integrity: sha512-xceH2snhtb5M9liqDsmEw56le376mTZkEX/jEb/RxNFyegNul7eNslCXP9FDj/Lcu0X8KEyMceP2ntpaHrDEVA==}

  picomatch@4.0.7:
    resolution: {integrity: sha512-qcJu88Q2IWqJsDD529JKMdwGm/dvInW4HvQnRwiH9JtihJvzGOscDtHE3x1pBKeUOTysQ8kVmLnJ2kJu7yhcGA==}
    engines: {node: '>=12'}

  postcss@8.5.28:
    resolution: {integrity: sha512-RRuzqDtt5Y9h3quz5hWhK+TPnsmVs6WwSU6LkJMeY4HstUEDuYTG8UJSdawMRzmzAtV+KEoG8N3Qg2qLy5vM/A==}
    engines: {node: ^10 || ^12 || >=14}

  prettier@3.9.6:
    resolution: {integrity: sha512-OpN0zzVdiaiAhxpuuj5efpIS4sY9j7bY6uR5mnj5yPzGkdkjNKSJeUThPb60Jw29QuAZgA4o+/iB49kFiaBX6g==}
    engines: {node: '>=14'}
    hasBin: true

  readdirp@5.1.1:
    resolution: {integrity: sha512-Kko+Y5XQ6fM+Ce3dq3m9YGxnacYZYl9cA1wZjaF3Vbry2L3i1qVg8+CAgNPsXRArPMUMCaOR7oa9Nqntc43JKA==}
    engines: {node: '>= 20.19.0'}

  rollup@4.63.2:
    resolution: {integrity: sha512-l5eyksV4tPBj6lJyEa37YzIOCSOV7lkZzEHUdpjWZbtD7wTcFYmEYXSgm5bT4vV+dZLb9rBG1W9GROOG4NS4Ew==}
    engines: {node: '>=18.0.0', npm: '>=8.0.0'}
    hasBin: true

  sass@1.104.1:
    resolution: {integrity: sha512-yDA+1aIG3EHgN4V/BvuhCvu61FF6hEd4e+9DxikUm9U0CAGuvdIZ/UYy7qbOxjhbbWQraoyLlMuzdRGOSV5Bmw==}
    engines: {node: '>=20.19.0'}
    hasBin: true

  source-map-js@1.2.1:
    resolution: {integrity: sha512-UXWMKhLOwVKb728IUtQPXxfYU+usdybtUrK/8uGE8CQMvrhOpwvzDBwj0QhSL7MQc7vIsISBG8VQ8+IDQxpfQA==}
    engines: {node: '>=0.10.0'}

  vite@5.4.21:
    resolution: {integrity: sha512-o5a9xKjbtuhY6Bi5S3+HvbRERmouabWbyUcpXXUA1u+GNUKoROi9byOJ8M0nHbHYHkYICiMlqxkg1KkYmm25Sw==}
    engines: {node: ^18.0.0 || >=20.0.0}
    hasBin: true
    peerDependencies:
      '@types/node': ^18.0.0 || >=20.0.0
      less: '*'
      lightningcss: ^1.21.0
      sass: '*'
      sass-embedded: '*'
      stylus: '*'
      sugarss: '*'
      terser: ^5.4.0
    peerDependenciesMeta:
      '@types/node':
        optional: true
      less:
        optional: true
      lightningcss:
        optional: true
      sass:
        optional: true
      sass-embedded:
        optional: true
      stylus:
        optional: true
      sugarss:
        optional: true
      terser:
        optional: true

snapshots:

  '@esbuild/aix-ppc64@0.21.5':
    optional: true

  '@esbuild/android-arm64@0.21.5':
    optional: true

  '@esbuild/android-arm@0.21.5':
    optional: true

  '@esbuild/android-x64@0.21.5':
    optional: true

  '@esbuild/darwin-arm64@0.21.5':
    optional: true

  '@esbuild/darwin-x64@0.21.5':
    optional: true

  '@esbuild/freebsd-arm64@0.21.5':
    optional: true

  '@esbuild/freebsd-x64@0.21.5':
    optional: true

  '@esbuild/linux-arm64@0.21.5':
    optional: true

  '@esbuild/linux-arm@0.21.5':
    optional: true

  '@esbuild/linux-ia32@0.21.5':
    optional: true

  '@esbuild/linux-loong64@0.21.5':
    optional: true

  '@esbuild/linux-mips64el@0.21.5':
    optional: true

  '@esbuild/linux-ppc64@0.21.5':
    optional: true

  '@esbuild/linux-riscv64@0.21.5':
    optional: true

  '@esbuild/linux-s390x@0.21.5':
    optional: true

  '@esbuild/linux-x64@0.21.5':
    optional: true

  '@esbuild/netbsd-x64@0.21.5':
    optional: true

  '@esbuild/openbsd-x64@0.21.5':
    optional: true

  '@esbuild/sunos-x64@0.21.5':
    optional: true

  '@esbuild/win32-arm64@0.21.5':
    optional: true

  '@esbuild/win32-ia32@0.21.5':
    optional: true

  '@esbuild/win32-x64@0.21.5':
    optional: true

  '@fontsource-variable/space-grotesk@5.3.0': {}

  '@fontsource/space-mono@5.3.0': {}

  '@napi-rs/lzma-linux-x64-gnu@1.5.1':
    optional: true

  '@parcel/watcher-android-arm64@2.6.0':
    optional: true

  '@parcel/watcher-darwin-arm64@2.6.0':
    optional: true

  '@parcel/watcher-darwin-x64@2.6.0':
    optional: true

  '@parcel/watcher-freebsd-x64@2.6.0':
    optional: true

  '@parcel/watcher-linux-arm-glibc@2.6.0':
    optional: true

  '@parcel/watcher-linux-arm-musl@2.6.0':
    optional: true

  '@parcel/watcher-linux-arm64-glibc@2.6.0':
    optional: true

  '@parcel/watcher-linux-arm64-musl@2.6.0':
    optional: true

  '@parcel/watcher-linux-x64-glibc@2.6.0':
    optional: true

  '@parcel/watcher-linux-x64-musl@2.6.0':
    optional: true

  '@parcel/watcher-win32-arm64@2.6.0':
    optional: true

  '@parcel/watcher-win32-x64@2.6.0':
    optional: true

  '@parcel/watcher@2.6.0':
    dependencies:
      detect-libc: 2.1.2
      is-glob: 4.0.3
      node-addon-api: 7.1.1
      picomatch: 4.0.7
    optionalDependencies:
      '@parcel/watcher-android-arm64': 2.6.0
      '@parcel/watcher-darwin-arm64': 2.6.0
      '@parcel/watcher-darwin-x64': 2.6.0
      '@parcel/watcher-freebsd-x64': 2.6.0
      '@parcel/watcher-linux-arm-glibc': 2.6.0
      '@parcel/watcher-linux-arm-musl': 2.6.0
      '@parcel/watcher-linux-arm64-glibc': 2.6.0
      '@parcel/watcher-linux-arm64-musl': 2.6.0
      '@parcel/watcher-linux-x64-glibc': 2.6.0
      '@parcel/watcher-linux-x64-musl': 2.6.0
      '@parcel/watcher-win32-arm64': 2.6.0
      '@parcel/watcher-win32-x64': 2.6.0
    optional: true

  '@rollup/rollup-android-arm-eabi@4.63.2':
    optional: true

  '@rollup/rollup-android-arm64@4.63.2':
    optional: true

  '@rollup/rollup-darwin-arm64@4.63.2':
    optional: true

  '@rollup/rollup-darwin-x64@4.63.2':
    optional: true

  '@rollup/rollup-freebsd-arm64@4.63.2':
    optional: true

  '@rollup/rollup-freebsd-x64@4.63.2':
    optional: true

  '@rollup/rollup-linux-arm-gnueabihf@4.63.2':
    optional: true

  '@rollup/rollup-linux-arm-musleabihf@4.63.2':
    optional: true

  '@rollup/rollup-linux-arm64-gnu@4.63.2':
    optional: true

  '@rollup/rollup-linux-arm64-musl@4.63.2':
    optional: true

  '@rollup/rollup-linux-loong64-gnu@4.63.2':
    optional: true

  '@rollup/rollup-linux-loong64-musl@4.63.2':
    optional: true

  '@rollup/rollup-linux-ppc64-gnu@4.63.2':
    optional: true

  '@rollup/rollup-linux-ppc64-musl@4.63.2':
    optional: true

  '@rollup/rollup-linux-riscv64-gnu@4.63.2':
    optional: true

  '@rollup/rollup-linux-riscv64-musl@4.63.2':
    optional: true

  '@rollup/rollup-linux-s390x-gnu@4.63.2':
    optional: true

  '@rollup/rollup-linux-x64-gnu@4.63.2':
    optional: true

  '@rollup/rollup-linux-x64-musl@4.63.2':
    optional: true

  '@rollup/rollup-openbsd-x64@4.63.2':
    optional: true

  '@rollup/rollup-openharmony-arm64@4.63.2':
    optional: true

  '@rollup/rollup-win32-arm64-msvc@4.63.2':
    optional: true

  '@rollup/rollup-win32-ia32-msvc@4.63.2':
    optional: true

  '@rollup/rollup-win32-x64-gnu@4.63.2':
    optional: true

  '@rollup/rollup-win32-x64-msvc@4.63.2':
    optional: true

  '@types/estree@1.0.9': {}

  chokidar@5.0.0:
    dependencies:
      readdirp: 5.1.1

  detect-libc@2.1.2:
    optional: true

  esbuild@0.21.5:
    optionalDependencies:
      '@esbuild/aix-ppc64': 0.21.5
      '@esbuild/android-arm': 0.21.5
      '@esbuild/android-arm64': 0.21.5
      '@esbuild/android-x64': 0.21.5
      '@esbuild/darwin-arm64': 0.21.5
      '@esbuild/darwin-x64': 0.21.5
      '@esbuild/freebsd-arm64': 0.21.5
      '@esbuild/freebsd-x64': 0.21.5
      '@esbuild/linux-arm': 0.21.5
      '@esbuild/linux-arm64': 0.21.5
      '@esbuild/linux-ia32': 0.21.5
      '@esbuild/linux-loong64': 0.21.5
      '@esbuild/linux-mips64el': 0.21.5
      '@esbuild/linux-ppc64': 0.21.5
      '@esbuild/linux-riscv64': 0.21.5
      '@esbuild/linux-s390x': 0.21.5
      '@esbuild/linux-x64': 0.21.5
      '@esbuild/netbsd-x64': 0.21.5
      '@esbuild/openbsd-x64': 0.21.5
      '@esbuild/sunos-x64': 0.21.5
      '@esbuild/win32-arm64': 0.21.5
      '@esbuild/win32-ia32': 0.21.5
      '@esbuild/win32-x64': 0.21.5

  fsevents@2.3.3:
    optional: true

  immutable@5.1.9: {}

  is-extglob@2.1.1:
    optional: true

  is-glob@4.0.3:
    dependencies:
      is-extglob: 2.1.1
    optional: true

  nanoid@3.3.19: {}

  node-addon-api@7.1.1:
    optional: true

  picocolors@1.1.1: {}

  picomatch@4.0.7:
    optional: true

  postcss@8.5.28:
    dependencies:
      nanoid: 3.3.19
      picocolors: 1.1.1
      source-map-js: 1.2.1

  prettier@3.9.6: {}

  readdirp@5.1.1: {}

  rollup@4.63.2:
    dependencies:
      '@types/estree': 1.0.9
    optionalDependencies:
      '@napi-rs/lzma-linux-x64-gnu': 1.5.1
      '@rollup/rollup-android-arm-eabi': 4.63.2
      '@rollup/rollup-android-arm64': 4.63.2
      '@rollup/rollup-darwin-arm64': 4.63.2
      '@rollup/rollup-darwin-x64': 4.63.2
      '@rollup/rollup-freebsd-arm64': 4.63.2
      '@rollup/rollup-freebsd-x64': 4.63.2
      '@rollup/rollup-linux-arm-gnueabihf': 4.63.2
      '@rollup/rollup-linux-arm-musleabihf': 4.63.2
      '@rollup/rollup-linux-arm64-gnu': 4.63.2
      '@rollup/rollup-linux-arm64-musl': 4.63.2
      '@rollup/rollup-linux-loong64-gnu': 4.63.2
      '@rollup/rollup-linux-loong64-musl': 4.63.2
      '@rollup/rollup-linux-ppc64-gnu': 4.63.2
      '@rollup/rollup-linux-ppc64-musl': 4.63.2
      '@rollup/rollup-linux-riscv64-gnu': 4.63.2
      '@rollup/rollup-linux-riscv64-musl': 4.63.2
      '@rollup/rollup-linux-s390x-gnu': 4.63.2
      '@rollup/rollup-linux-x64-gnu': 4.63.2
      '@rollup/rollup-linux-x64-musl': 4.63.2
      '@rollup/rollup-openbsd-x64': 4.63.2
      '@rollup/rollup-openharmony-arm64': 4.63.2
      '@rollup/rollup-win32-arm64-msvc': 4.63.2
      '@rollup/rollup-win32-ia32-msvc': 4.63.2
      '@rollup/rollup-win32-x64-gnu': 4.63.2
      '@rollup/rollup-win32-x64-msvc': 4.63.2
      fsevents: 2.3.3

  sass@1.104.1:
    dependencies:
      chokidar: 5.0.0
      immutable: 5.1.9
      source-map-js: 1.2.1
    optionalDependencies:
      '@parcel/watcher': 2.6.0

  source-map-js@1.2.1: {}

  vite@5.4.21(sass@1.104.1):
    dependencies:
      esbuild: 0.21.5
      postcss: 8.5.28
      rollup: 4.63.2
    optionalDependencies:
      fsevents: 2.3.3
      sass: 1.104.1
